{
  "name": "file-upload-service",
  "lockfileVersion": 3,
  "requires": true,
  "packages": {
    "": {
      "dependencies": {
        "hono": "^3.10.2"
      },
      "devDependencies": {
        "bun-types": "^1.0.7"
      }
    },
    "node_modules/bun-types": {
      "version": "1.0.14",
      "resolved": "https://registry.npmjs.org/bun-types/-/bun-types-1.0.14.tgz",
      "integrity": "sha512-hLVfM2fk8xSJeobfuPGilfvxM5gLtEy1bn7RJhrtw3u4OaC0kieXKYFFTVHU8jZ3hj8YyPLIFClIUodkFSrMBQ==",
      "dev": true
    },
    "node_modules/hono": {
      "version": "3.10.3",
      "resolved": "https://registry.npmjs.org/hono/-/hono-3.10.3.tgz",
      "integrity": "sha512-44YzAp+rydwGWqW+VRivuOWpGWug8zCSy1Gd6gBLAlclIVlPjZAYXfSNqlhSIvd6ZyseM4aP9SDDNmwXceIy+A==",
      "engines": {
        "node": ">=16.0.0"
      }
    }
  }
}
